
Microsoft Visual Studio Solution File, Format Version 12.00
# Visual Studio 15
VisualStudioVersion = 15.0.27004.2005
MinimumVisualStudioVersion = 10.0.40219.1
Project("{888888A0-9F3D-457C-B088-3A5042F75D52}") = "BTSPythonApp", "BTSPythonApp\BTSPythonApp.pyproj", "{E27C1AFE-E815-409C-B6BD-443186562AB4}"
EndProject
Global
	GlobalSection(SolutionConfigurationPlatforms) = preSolution
		Debug|Any CPU = Debug|Any CPU
		Release|Any CPU = Release|Any CPU
	EndGlobalSection
	GlobalSection(ProjectConfigurationPlatforms) = postSolution
		{E27C1AFE-E815-409C-B6BD-443186562AB4}.Debug|Any CPU.ActiveCfg = Debug|Any CPU
		{E27C1AFE-E815-409C-B6BD-443186562AB4}.Release|Any CPU.ActiveCfg = Release|Any CPU
	EndGlobalSection
	GlobalSection(SolutionProperties) = preSolution
		HideSolutionNode = FALSE
	EndGlobalSection
	GlobalSection(ExtensibilityGlobals) = postSolution
		SolutionGuid = {9B5F4D44-D231-4D32-8AEB-3FB08B123161}
	EndGlobalSection
EndGlobal
